// !$*UTF8*$!
{
	archiveVersion = 1;
	classes = {
	};
	objectVersion = 46;
	objects = {

/* Begin PBXBuildFile section */
		1BCED5BDEE864245AA72223D /* libPods.a in Frameworks */ = {isa = PBXBuildFile; fileRef = 2C8E5A036CC24B4BA83BEB84 /* libPods.a */; };
		9088B6F2181308B6004FE80F /* Foundation.framework in Frameworks */ = {isa = PBXBuildFile; fileRef = 9088B6F1181308B6004FE80F /* Foundation.framework */; };
		9088B6F4181308B6004FE80F /* CoreGraphics.framework in Frameworks */ = {isa = PBXBuildFile; fileRef = 9088B6F3181308B6004FE80F /* CoreGraphics.framework */; };
		9088B6F6181308B6004FE80F /* UIKit.framework in Frameworks */ = {isa = PBXBuildFile; fileRef = 9088B6F5181308B6004FE80F /* UIKit.framework */; };
		9088B6FC181308B6004FE80F /* InfoPlist.strings in Resources */ = {isa = PBXBuildFile; fileRef = 9088B6FA181308B6004FE80F /* InfoPlist.strings */; };
		9088B6FE181308B6004FE80F /* main.m in Sources */ = {isa = PBXBuildFile; fileRef = 9088B6FD181308B6004FE80F /* main.m */; };
		9088B702181308B6004FE80F /* TCAppDelegate.m in Sources */ = {isa = PBXBuildFile; fileRef = 9088B701181308B6004FE80F /* TCAppDelegate.m */; };
		9088B705181308B6004FE80F /* Main.storyboard in Resources */ = {isa = PBXBuildFile; fileRef = 9088B703181308B6004FE80F /* Main.storyboard */; };
		9088B70D181308B6004FE80F /* Images.xcassets in Resources */ = {isa = PBXBuildFile; fileRef = 9088B70C181308B6004FE80F /* Images.xcassets */; };
		9088B714181308B6004FE80F /* XCTest.framework in Frameworks */ = {isa = PBXBuildFile; fileRef = 9088B713181308B6004FE80F /* XCTest.framework */; };
		9088B715181308B6004FE80F /* Foundation.framework in Frameworks */ = {isa = PBXBuildFile; fileRef = 9088B6F1181308B6004FE80F /* Foundation.framework */; };
		9088B716181308B6004FE80F /* UIKit.framework in Frameworks */ = {isa = PBXBuildFile; fileRef = 9088B6F5181308B6004FE80F /* UIKit.framework */; };
		9088B71E181308B6004FE80F /* InfoPlist.strings in Resources */ = {isa = PBXBuildFile; fileRef = 9088B71C181308B6004FE80F /* InfoPlist.strings */; };
		9088B720181308B6004FE80F /* TwitterClientTests.m in Sources */ = {isa = PBXBuildFile; fileRef = 9088B71F181308B6004FE80F /* TwitterClientTests.m */; };
		90C8B2D4181448CE00D1069F /* SignupViewController.m in Sources */ = {isa = PBXBuildFile; fileRef = D890EC4A65C0835C5B01C887 /* SignupViewController.m */; };
		D890E2F07B1BE4219E3C58F9 /* TCHomeViewController.m in Sources */ = {isa = PBXBuildFile; fileRef = D890E777CF4B0130544B4B5D /* TCHomeViewController.m */; };
		D890E5021A0383C134DB6764 /* Profile.m in Sources */ = {isa = PBXBuildFile; fileRef = D890E101766910722F689629 /* Profile.m */; };
		D890E5E9118033C2F743422D /* CredentialCell.xib in Resources */ = {isa = PBXBuildFile; fileRef = D890EECB1F0A03F0177829EC /* CredentialCell.xib */; };
		D890E973324646396B42AE1D /* SignupViewController.xib in Resources */ = {isa = PBXBuildFile; fileRef = D890EBB6B5A74D1464773642 /* SignupViewController.xib */; };
		D890EBA83F4F2D2B66F67A58 /* CredentialCell.m in Sources */ = {isa = PBXBuildFile; fileRef = D890E16F1F65DC9BA0039BE4 /* CredentialCell.m */; };
		D890ECAEEF1BBE6FDED85E38 /* TCProfileViewController.m in Sources */ = {isa = PBXBuildFile; fileRef = D890E4F2658589E6FF662BE6 /* TCProfileViewController.m */; };
		D890EFF6240A2E0B78F0FEDF /* Tweet.m in Sources */ = {isa = PBXBuildFile; fileRef = D890E95D4EDDF5A816B2AFB9 /* Tweet.m */; };
/* End PBXBuildFile section */

/* Begin PBXContainerItemProxy section */
		9088B717181308B6004FE80F /* PBXContainerItemProxy */ = {
			isa = PBXContainerItemProxy;
			containerPortal = 9088B6E6181308B6004FE80F /* Project object */;
			proxyType = 1;
			remoteGlobalIDString = 9088B6ED181308B6004FE80F;
			remoteInfo = TwitterClient;
		};
/* End PBXContainerItemProxy section */

/* Begin PBXFileReference section */
		00DAD910CC8E40D4A00573E4 /* Pods.xcconfig */ = {isa = PBXFileReference; includeInIndex = 1; lastKnownFileType = text.xcconfig; name = Pods.xcconfig; path = Pods/Pods.xcconfig; sourceTree = "<group>"; };
		2C8E5A036CC24B4BA83BEB84 /* libPods.a */ = {isa = PBXFileReference; explicitFileType = archive.ar; includeInIndex = 0; path = libPods.a; sourceTree = BUILT_PRODUCTS_DIR; };
		9088B6EE181308B6004FE80F /* TwitterClient.app */ = {isa = PBXFileReference; explicitFileType = wrapper.application; includeInIndex = 0; path = TwitterClient.app; sourceTree = BUILT_PRODUCTS_DIR; };
		9088B6F1181308B6004FE80F /* Foundation.framework */ = {isa = PBXFileReference; lastKnownFileType = wrapper.framework; name = Foundation.framework; path = System/Library/Frameworks/Foundation.framework; sourceTree = SDKROOT; };
		9088B6F3181308B6004FE80F /* CoreGraphics.framework */ = {isa = PBXFileReference; lastKnownFileType = wrapper.framework; name = CoreGraphics.framework; path = System/Library/Frameworks/CoreGraphics.framework; sourceTree = SDKROOT; };
		9088B6F5181308B6004FE80F /* UIKit.framework */ = {isa = PBXFileReference; lastKnownFileType = wrapper.framework; name = UIKit.framework; path = System/Library/Frameworks/UIKit.framework; sourceTree = SDKROOT; };
		9088B6F9181308B6004FE80F /* TwitterClient-Info.plist */ = {isa = PBXFileReference; lastKnownFileType = text.plist.xml; path = "TwitterClient-Info.plist"; sourceTree = "<group>"; };
		9088B6FB181308B6004FE80F /* en */ = {isa = PBXFileReference; lastKnownFileType = text.plist.strings; name = en; path = en.lproj/InfoPlist.strings; sourceTree = "<group>"; };
		9088B6FD181308B6004FE80F /* main.m */ = {isa = PBXFileReference; lastKnownFileType = sourcecode.c.objc; path = main.m; sourceTree = "<group>"; };
		9088B6FF181308B6004FE80F /* TwitterClient-Prefix.pch */ = {isa = PBXFileReference; lastKnownFileType = sourcecode.c.h; path = "TwitterClient-Prefix.pch"; sourceTree = "<group>"; };
		9088B700181308B6004FE80F /* TCAppDelegate.h */ = {isa = PBXFileReference; lastKnownFileType = sourcecode.c.h; path = TCAppDelegate.h; sourceTree = "<group>"; };
		9088B701181308B6004FE80F /* TCAppDelegate.m */ = {isa = PBXFileReference; lastKnownFileType = sourcecode.c.objc; path = TCAppDelegate.m; sourceTree = "<group>"; };
		9088B704181308B6004FE80F /* Base */ = {isa = PBXFileReference; lastKnownFileType = file.storyboard; name = Base; path = Base.lproj/Main.storyboard; sourceTree = "<group>"; };
		9088B70C181308B6004FE80F /* Images.xcassets */ = {isa = PBXFileReference; lastKnownFileType = folder.assetcatalog; path = Images.xcassets; sourceTree = "<group>"; };
		9088B712181308B6004FE80F /* TwitterClientTests.xctest */ = {isa = PBXFileReference; explicitFileType = wrapper.cfbundle; includeInIndex = 0; path = TwitterClientTests.xctest; sourceTree = BUILT_PRODUCTS_DIR; };
		9088B713181308B6004FE80F /* XCTest.framework */ = {isa = PBXFileReference; lastKnownFileType = wrapper.framework; name = XCTest.framework; path = Library/Frameworks/XCTest.framework; sourceTree = DEVELOPER_DIR; };
		9088B71B181308B6004FE80F /* TwitterClientTests-Info.plist */ = {isa = PBXFileReference; lastKnownFileType = text.plist.xml; path = "TwitterClientTests-Info.plist"; sourceTree = "<group>"; };
		9088B71D181308B6004FE80F /* en */ = {isa = PBXFileReference; lastKnownFileType = text.plist.strings; name = en; path = en.lproj/InfoPlist.strings; sourceTree = "<group>"; };
		9088B71F181308B6004FE80F /* TwitterClientTests.m */ = {isa = PBXFileReference; lastKnownFileType = sourcecode.c.objc; path = TwitterClientTests.m; sourceTree = "<group>"; };
		D890E0EE9B556F5C6C163A73 /* CredentialCell.h */ = {isa = PBXFileReference; fileEncoding = 4; lastKnownFileType = sourcecode.c.h; path = CredentialCell.h; sourceTree = "<group>"; };
		D890E101766910722F689629 /* Profile.m */ = {isa = PBXFileReference; fileEncoding = 4; lastKnownFileType = sourcecode.c.objc; path = Profile.m; sourceTree = "<group>"; };
		D890E16F1F65DC9BA0039BE4 /* CredentialCell.m */ = {isa = PBXFileReference; fileEncoding = 4; lastKnownFileType = sourcecode.c.objc; path = CredentialCell.m; sourceTree = "<group>"; };
		D890E3414410F4AE9842925E /* Profile.h */ = {isa = PBXFileReference; fileEncoding = 4; lastKnownFileType = sourcecode.c.h; path = Profile.h; sourceTree = "<group>"; };
		D890E4F2658589E6FF662BE6 /* TCProfileViewController.m */ = {isa = PBXFileReference; fileEncoding = 4; lastKnownFileType = sourcecode.c.objc; path = TCProfileViewController.m; sourceTree = "<group>"; };
		D890E545A0B9C99CFED87834 /* Tweet.h */ = {isa = PBXFileReference; fileEncoding = 4; lastKnownFileType = sourcecode.c.h; path = Tweet.h; sourceTree = "<group>"; };
		D890E775C9B87C391F4F7B5E /* SignupViewController.h */ = {isa = PBXFileReference; fileEncoding = 4; lastKnownFileType = sourcecode.c.h; path = SignupViewController.h; sourceTree = "<group>"; };
		D890E777CF4B0130544B4B5D /* TCHomeViewController.m */ = {isa = PBXFileReference; fileEncoding = 4; lastKnownFileType = sourcecode.c.objc; path = TCHomeViewController.m; sourceTree = "<group>"; };
		D890E95D4EDDF5A816B2AFB9 /* Tweet.m */ = {isa = PBXFileReference; fileEncoding = 4; lastKnownFileType = sourcecode.c.objc; path = Tweet.m; sourceTree = "<group>"; };
		D890EBB6B5A74D1464773642 /* SignupViewController.xib */ = {isa = PBXFileReference; lastKnownFileType = file.xib; path = SignupViewController.xib; sourceTree = "<group>"; };
		D890EC4A65C0835C5B01C887 /* SignupViewController.m */ = {isa = PBXFileReference; fileEncoding = 4; lastKnownFileType = sourcecode.c.objc; path = SignupViewController.m; sourceTree = "<group>"; };
		D890EECB1F0A03F0177829EC /* CredentialCell.xib */ = {isa = PBXFileReference; lastKnownFileType = file.xib; path = CredentialCell.xib; sourceTree = "<group>"; };
		D890EF4F1E92C0C3F766C286 /* TCProfileViewController.h */ = {isa = PBXFileReference; fileEncoding = 4; lastKnownFileType = sourcecode.c.h; path = TCProfileViewController.h; sourceTree = "<group>"; };
		D890EFC626239B4E4E6FC123 /* TCHomeViewController.h */ = {isa = PBXFileReference; fileEncoding = 4; lastKnownFileType = sourcecode.c.h; path = TCHomeViewController.h; sourceTree = "<group>"; };
/* End PBXFileReference section */

/* Begin PBXFrameworksBuildPhase section */
		9088B6EB181308B6004FE80F /* Frameworks */ = {
			isa = PBXFrameworksBuildPhase;
			buildActionMask = 2147483647;
			files = (
				9088B6F4181308B6004FE80F /* CoreGraphics.framework in Frameworks */,
				9088B6F6181308B6004FE80F /* UIKit.framework in Frameworks */,
				9088B6F2181308B6004FE80F /* Foundation.framework in Frameworks */,
				1BCED5BDEE864245AA72223D /* libPods.a in Frameworks */,
			);
			runOnlyForDeploymentPostprocessing = 0;
		};
		9088B70F181308B6004FE80F /* Frameworks */ = {
			isa = PBXFrameworksBuildPhase;
			buildActionMask = 2147483647;
			files = (
				9088B714181308B6004FE80F /* XCTest.framework in Frameworks */,
				9088B716181308B6004FE80F /* UIKit.framework in Frameworks */,
				9088B715181308B6004FE80F /* Foundation.framework in Frameworks */,
			);
			runOnlyForDeploymentPostprocessing = 0;
		};
/* End PBXFrameworksBuildPhase section */

/* Begin PBXGroup section */
		9088B6E5181308B6004FE80F = {
			isa = PBXGroup;
			children = (
				9088B6F7181308B6004FE80F /* TwitterClient */,
				9088B719181308B6004FE80F /* TwitterClientTests */,
				9088B6F0181308B6004FE80F /* Frameworks */,
				9088B6EF181308B6004FE80F /* Products */,
				00DAD910CC8E40D4A00573E4 /* Pods.xcconfig */,
				D890EA43BC217695EA289DFF /* Models */,
			);
			sourceTree = "<group>";
		};
		9088B6EF181308B6004FE80F /* Products */ = {
			isa = PBXGroup;
			children = (
				9088B6EE181308B6004FE80F /* TwitterClient.app */,
				9088B712181308B6004FE80F /* TwitterClientTests.xctest */,
			);
			name = Products;
			sourceTree = "<group>";
		};
		9088B6F0181308B6004FE80F /* Frameworks */ = {
			isa = PBXGroup;
			children = (
				9088B6F1181308B6004FE80F /* Foundation.framework */,
				9088B6F3181308B6004FE80F /* CoreGraphics.framework */,
				9088B6F5181308B6004FE80F /* UIKit.framework */,
				9088B713181308B6004FE80F /* XCTest.framework */,
				2C8E5A036CC24B4BA83BEB84 /* libPods.a */,
			);
			name = Frameworks;
			sourceTree = "<group>";
		};
		9088B6F7181308B6004FE80F /* TwitterClient */ = {
			isa = PBXGroup;
			children = (
				9088B700181308B6004FE80F /* TCAppDelegate.h */,
				9088B701181308B6004FE80F /* TCAppDelegate.m */,
				9088B703181308B6004FE80F /* Main.storyboard */,
				9088B70C181308B6004FE80F /* Images.xcassets */,
				9088B6F8181308B6004FE80F /* Supporting Files */,
				D890E9B78F63AA49BD1C1F6E /* Views */,
				D890E2B44E7A9E8BA96FBAF4 /* ViewControllers */,
			);
			path = TwitterClient;
			sourceTree = "<group>";
		};
		9088B6F8181308B6004FE80F /* Supporting Files */ = {
			isa = PBXGroup;
			children = (
				9088B6F9181308B6004FE80F /* TwitterClient-Info.plist */,
				9088B6FA181308B6004FE80F /* InfoPlist.strings */,
				9088B6FD181308B6004FE80F /* main.m */,
				9088B6FF181308B6004FE80F /* TwitterClient-Prefix.pch */,
			);
			name = "Supporting Files";
			sourceTree = "<group>";
		};
		9088B719181308B6004FE80F /* TwitterClientTests */ = {
			isa = PBXGroup;
			children = (
				9088B71F181308B6004FE80F /* TwitterClientTests.m */,
				9088B71A181308B6004FE80F /* Supporting Files */,
			);
			path = TwitterClientTests;
			sourceTree = "<group>";
		};
		9088B71A181308B6004FE80F /* Supporting Files */ = {
			isa = PBXGroup;
			children = (
				9088B71B181308B6004FE80F /* TwitterClientTests-Info.plist */,
				9088B71C181308B6004FE80F /* InfoPlist.strings */,
			);
			name = "Supporting Files";
			sourceTree = "<group>";
		};
		D890E2B44E7A9E8BA96FBAF4 /* ViewControllers */ = {
			isa = PBXGroup;
			children = (
				D890EFC626239B4E4E6FC123 /* TCHomeViewController.h */,
				D890E777CF4B0130544B4B5D /* TCHomeViewController.m */,
				D890EF4F1E92C0C3F766C286 /* TCProfileViewController.h */,
				D890E4F2658589E6FF662BE6 /* TCProfileViewController.m */,
				D890E775C9B87C391F4F7B5E /* SignupViewController.h */,
				D890EC4A65C0835C5B01C887 /* SignupViewController.m */,
				D890EBB6B5A74D1464773642 /* SignupViewController.xib */,
			);
			path = ViewControllers;
			sourceTree = "<group>";
		};
		D890E9B78F63AA49BD1C1F6E /* Views */ = {
			isa = PBXGroup;
			children = (
				D890EECB1F0A03F0177829EC /* CredentialCell.xib */,
				D890E0EE9B556F5C6C163A73 /* CredentialCell.h */,
				D890E16F1F65DC9BA0039BE4 /* CredentialCell.m */,
			);
			path = Views;
			sourceTree = "<group>";
		};
		D890EA43BC217695EA289DFF /* Models */ = {
			isa = PBXGroup;
			children = (
				D890E545A0B9C99CFED87834 /* Tweet.h */,
				D890E95D4EDDF5A816B2AFB9 /* Tweet.m */,
				D890E101766910722F689629 /* Profile.m */,
				D890E3414410F4AE9842925E /* Profile.h */,
			);
			path = Models;
			sourceTree = "<group>";
		};
/* End PBXGroup section */

/* Begin PBXNativeTarget section */
		9088B6ED181308B6004FE80F /* TwitterClient */ = {
			isa = PBXNativeTarget;
			buildConfigurationList = 9088B723181308B6004FE80F /* Build configuration list for PBXNativeTarget "TwitterClient" */;
			buildPhases = (
				D382122E7C724FCBB7F2C1D4 /* Check Pods Manifest.lock */,
				9088B6EA181308B6004FE80F /* Sources */,
				9088B6EB181308B6004FE80F /* Frameworks */,
				9088B6EC181308B6004FE80F /* Resources */,
				F54C83B2BDDB49D087311E49 /* Copy Pods Resources */,
			);
			buildRules = (
			);
			dependencies = (
			);
			name = TwitterClient;
			productName = TwitterClient;
			productReference = 9088B6EE181308B6004FE80F /* TwitterClient.app */;
			productType = "com.apple.product-type.application";
		};
		9088B711181308B6004FE80F /* TwitterClientTests */ = {
			isa = PBXNativeTarget;
			buildConfigurationList = 9088B726181308B6004FE80F /* Build configuration list for PBXNativeTarget "TwitterClientTests" */;
			buildPhases = (
				9088B70E181308B6004FE80F /* Sources */,
				9088B70F181308B6004FE80F /* Frameworks */,
				9088B710181308B6004FE80F /* Resources */,
			);
			buildRules = (
			);
			dependencies = (
				9088B718181308B6004FE80F /* PBXTargetDependency */,
			);
			name = TwitterClientTests;
			productName = TwitterClientTests;
			productReference = 9088B712181308B6004FE80F /* TwitterClientTests.xctest */;
			productType = "com.apple.product-type.bundle.unit-test";
		};
/* End PBXNativeTarget section */

/* Begin PBXProject section */
		9088B6E6181308B6004FE80F /* Project object */ = {
			isa = PBXProject;
			attributes = {
				CLASSPREFIX = TC;
				LastUpgradeCheck = 0500;
				ORGANIZATIONNAME = "Felix Santiago";
				TargetAttributes = {
					9088B711181308B6004FE80F = {
						TestTargetID = 9088B6ED181308B6004FE80F /* TwitterClient */;
					};
				};
			};
			buildConfigurationList = 9088B6E9181308B6004FE80F /* Build configuration list for PBXProject "TwitterClient" */;
			compatibilityVersion = "Xcode 3.2";
			developmentRegion = English;
			hasScannedForEncodings = 0;
			knownRegions = (
				en,
				Base,
			);
			mainGroup = 9088B6E5181308B6004FE80F;
			productRefGroup = 9088B6EF181308B6004FE80F /* Products */;
			projectDirPath = "";
			projectRoot = "";
			targets = (
				9088B6ED181308B6004FE80F /* TwitterClient */,
				9088B711181308B6004FE80F /* TwitterClientTests */,
			);
		};
/* End PBXProject section */

/* Begin PBXResourcesBuildPhase section */
		9088B6EC181308B6004FE80F /* Resources */ = {
			isa = PBXResourcesBuildPhase;
			buildActionMask = 2147483647;
			files = (
				9088B70D181308B6004FE80F /* Images.xcassets in Resources */,
				9088B6FC181308B6004FE80F /* InfoPlist.strings in Resources */,
				9088B705181308B6004FE80F /* Main.storyboard in Resources */,
				D890E5E9118033C2F743422D /* CredentialCell.xib in Resources */,
				D890E973324646396B42AE1D /* SignupViewController.xib in Resources */,
			);
			runOnlyForDeploymentPostprocessing = 0;
		};
		9088B710181308B6004FE80F /* Resources */ = {
			isa = PBXResourcesBuildPhase;
			buildActionMask = 2147483647;
			files = (
				9088B71E181308B6004FE80F /* InfoPlist.strings in Resources */,
			);
			runOnlyForDeploymentPostprocessing = 0;
		};
/* End PBXResourcesBuildPhase section */

/* Begin PBXShellScriptBuildPhase section */
		D382122E7C724FCBB7F2C1D4 /* Check Pods Manifest.lock */ = {
			isa = PBXShellScriptBuildPhase;
			buildActionMask = 2147483647;
			files = (
			);
			inputPaths = (
			);
			name = "Check Pods Manifest.lock";
			outputPaths = (
			);
			runOnlyForDeploymentPostprocessing = 0;
			shellPath = /bin/sh;
			shellScript = "diff \"${PODS_ROOT}/../Podfile.lock\" \"${PODS_ROOT}/Manifest.lock\" > /dev/null\nif [[ $? != 0 ]] ; then\n    cat << EOM\nerror: The sandbox is not in sync with the Podfile.lock. Run 'pod install' or update your CocoaPods installation.\nEOM\n    exit 1\nfi\n";
			showEnvVarsInLog = 0;
		};
		F54C83B2BDDB49D087311E49 /* Copy Pods Resources */ = {
			isa = PBXShellScriptBuildPhase;
			buildActionMask = 2147483647;
			files = (
			);
			inputPaths = (
			);
			name = "Copy Pods Resources";
			outputPaths = (
			);
			runOnlyForDeploymentPostprocessing = 0;
			shellPath = /bin/sh;
			shellScript = "\"${SRCROOT}/Pods/Pods-resources.sh\"\n";
			showEnvVarsInLog = 0;
		};
/* End PBXShellScriptBuildPhase section */

/* Begin PBXSourcesBuildPhase section */
		9088B6EA181308B6004FE80F /* Sources */ = {
			isa = PBXSourcesBuildPhase;
			buildActionMask = 2147483647;
			files = (
				90C8B2D4181448CE00D1069F /* SignupViewController.m in Sources */,
				9088B6FE181308B6004FE80F /* main.m in Sources */,
				9088B702181308B6004FE80F /* TCAppDelegate.m in Sources */,
				D890EFF6240A2E0B78F0FEDF /* Tweet.m in Sources */,
				D890E5021A0383C134DB6764 /* Profile.m in Sources */,
				D890E2F07B1BE4219E3C58F9 /* TCHomeViewController.m in Sources */,
				D890ECAEEF1BBE6FDED85E38 /* TCProfileViewController.m in Sources */,
				D890EBA83F4F2D2B66F67A58 /* CredentialCell.m in Sources */,
			);
			runOnlyForDeploymentPostprocessing = 0;
		};
		9088B70E181308B6004FE80F /* Sources */ = {
			isa = PBXSourcesBuildPhase;
			buildActionMask = 2147483647;
			files = (
				9088B720181308B6004FE80F /* TwitterClientTests.m in Sources */,
			);
			runOnlyForDeploymentPostprocessing = 0;
		};
/* End PBXSourcesBuildPhase section */

/* Begin PBXTargetDependency section */
		9088B718181308B6004FE80F /* PBXTargetDependency */ = {
			isa = PBXTargetDependency;
			target = 9088B6ED181308B6004FE80F /* TwitterClient */;
			targetProxy = 9088B717181308B6004FE80F /* PBXContainerItemProxy */;
		};
/* End PBXTargetDependency section */

/* Begin PBXVariantGroup section */
		9088B6FA181308B6004FE80F /* InfoPlist.strings */ = {
			isa = PBXVariantGroup;
			children = (
				9088B6FB181308B6004FE80F /* en */,
			);
			name = InfoPlist.strings;
			sourceTree = "<group>";
		};
		9088B703181308B6004FE80F /* Main.storyboard */ = {
			isa = PBXVariantGroup;
			children = (
				9088B704181308B6004FE80F /* Base */,
			);
			name = Main.storyboard;
			sourceTree = "<group>";
		};
		9088B71C181308B6004FE80F /* InfoPlist.strings */ = {
			isa = PBXVariantGroup;
			children = (
				9088B71D181308B6004FE80F /* en */,
			);
			name = InfoPlist.strings;
			sourceTree = "<group>";
		};
/* End PBXVariantGroup section */

/* Begin XCBuildConfiguration section */
		9088B721181308B6004FE80F /* Debug */ = {
			isa = XCBuildConfiguration;
			buildSettings = {
				ALWAYS_SEARCH_USER_PATHS = NO;
				ARCHS = "$(ARCHS_STANDARD_INCLUDING_64_BIT)";
				CLANG_CXX_LANGUAGE_STANDARD = "gnu++0x";
				CLANG_CXX_LIBRARY = "libc++";
				CLANG_ENABLE_MODULES = YES;
				CLANG_ENABLE_OBJC_ARC = YES;
				CLANG_WARN_BOOL_CONVERSION = YES;
				CLANG_WARN_CONSTANT_CONVERSION = YES;
				CLANG_WARN_DIRECT_OBJC_ISA_USAGE = YES_ERROR;
				CLANG_WARN_EMPTY_BODY = YES;
				CLANG_WARN_ENUM_CONVERSION = YES;
				CLANG_WARN_INT_CONVERSION = YES;
				CLANG_WARN_OBJC_ROOT_CLASS = YES_ERROR;
				CLANG_WARN__DUPLICATE_METHOD_MATCH = YES;
				"CODE_SIGN_IDENTITY[sdk=iphoneos*]" = "iPhone Developer";
				COPY_PHASE_STRIP = NO;
				GCC_C_LANGUAGE_STANDARD = gnu99;
				GCC_DYNAMIC_NO_PIC = NO;
				GCC_OPTIMIZATION_LEVEL = 0;
				GCC_PREPROCESSOR_DEFINITIONS = (
					"DEBUG=1",
					"$(inherited)",
				);
				GCC_SYMBOLS_PRIVATE_EXTERN = NO;
				GCC_WARN_64_TO_32_BIT_CONVERSION = YES;
				GCC_WARN_ABOUT_RETURN_TYPE = YES_ERROR;
				GCC_WARN_UNDECLARED_SELECTOR = YES;
				GCC_WARN_UNINITIALIZED_AUTOS = YES;
				GCC_WARN_UNUSED_FUNCTION = YES;
				GCC_WARN_UNUSED_VARIABLE = YES;
				IPHONEOS_DEPLOYMENT_TARGET = 7.0;
				ONLY_ACTIVE_ARCH = YES;
				SDKROOT = iphoneos;
			};
			name = Debug;
		};
		9088B722181308B6004FE80F /* Release */ = {
			isa = XCBuildConfiguration;
			buildSettings = {
				ALWAYS_SEARCH_USER_PATHS = NO;
				ARCHS = "$(ARCHS_STANDARD_INCLUDING_64_BIT)";
				CLANG_CXX_LANGUAGE_STANDARD = "gnu++0x";
				CLANG_CXX_LIBRARY = "libc++";
				CLANG_ENABLE_MODULES = YES;
				CLANG_ENABLE_OBJC_ARC = YES;
				CLANG_WARN_BOOL_CONVERSION = YES;
				CLANG_WARN_CONSTANT_CONVERSION = YES;
				CLANG_WARN_DIRECT_OBJC_ISA_USAGE = YES_ERROR;
				CLANG_WARN_EMPTY_BODY = YES;
				CLANG_WARN_ENUM_CONVERSION = YES;
				CLANG_WARN_INT_CONVERSION = YES;
				CLANG_WARN_OBJC_ROOT_CLASS = YES_ERROR;
				CLANG_WARN__DUPLICATE_METHOD_MATCH = YES;
				"CODE_SIGN_IDENTITY[sdk=iphoneos*]" = "iPhone Developer";
				COPY_PHASE_STRIP = YES;
				ENABLE_NS_ASSERTIONS = NO;
				GCC_C_LANGUAGE_STANDARD = gnu99;
				GCC_WARN_64_TO_32_BIT_CONVERSION = YES;
				GCC_WARN_ABOUT_RETURN_TYPE = YES_ERROR;
				GCC_WARN_UNDECLARED_SELECTOR = YES;
				GCC_WARN_UNINITIALIZED_AUTOS = YES;
				GCC_WARN_UNUSED_FUNCTION = YES;
				GCC_WARN_UNUSED_VARIABLE = YES;
				IPHONEOS_DEPLOYMENT_TARGET = 7.0;
				SDKROOT = iphoneos;
				VALIDATE_PRODUCT = YES;
			};
			name = Release;
		};
		9088B724181308B6004FE80F /* Debug */ = {
			isa = XCBuildConfiguration;
			baseConfigurationReference = 00DAD910CC8E40D4A00573E4 /* Pods.xcconfig */;
			buildSettings = {
				ARCHS = "$(ARCHS_STANDARD)";
				ASSETCATALOG_COMPILER_APPICON_NAME = AppIcon;
				ASSETCATALOG_COMPILER_LAUNCHIMAGE_NAME = LaunchImage;
				GCC_PRECOMPILE_PREFIX_HEADER = YES;
				GCC_PREFIX_HEADER = "TwitterClient/TwitterClient-Prefix.pch";
				INFOPLIST_FILE = "TwitterClient/TwitterClient-Info.plist";
				IPHONEOS_DEPLOYMENT_TARGET = 6.1;
				PRODUCT_NAME = "$(TARGET_NAME)";
				WRAPPER_EXTENSION = app;
			};
			name = Debug;
		};
		9088B725181308B6004FE80F /* Release */ = {
			isa = XCBuildConfiguration;
			baseConfigurationReference = 00DAD910CC8E40D4A00573E4 /* Pods.xcconfig */;
			buildSettings = {
				ARCHS = "$(ARCHS_STANDARD)";
				ASSETCATALOG_COMPILER_APPICON_NAME = AppIcon;
				ASSETCATALOG_COMPILER_LAUNCHIMAGE_NAME = LaunchImage;
				GCC_PRECOMPILE_PREFIX_HEADER = YES;
				GCC_PREFIX_HEADER = "TwitterClient/TwitterClient-Prefix.pch";
				INFOPLIST_FILE = "TwitterClient/TwitterClient-Info.plist";
				IPHONEOS_DEPLOYMENT_TARGET = 6.1;
				PRODUCT_NAME = "$(TARGET_NAME)";
				WRAPPER_EXTENSION = app;
			};
			name = Release;
		};
		9088B727181308B6004FE80F /* Debug */ = {
			isa = XCBuildConfiguration;
			buildSettings = {
				ARCHS = "$(ARCHS_STANDARD_INCLUDING_64_BIT)";
				BUNDLE_LOADER = "$(BUILT_PRODUCTS_DIR)/TwitterClient.app/TwitterClient";
				FRAMEWORK_SEARCH_PATHS = (
					"$(SDKROOT)/Developer/Library/Frameworks",
					"$(inherited)",
					"$(DEVELOPER_FRAMEWORKS_DIR)",
				);
				GCC_PRECOMPILE_PREFIX_HEADER = YES;
				GCC_PREFIX_HEADER = "TwitterClient/TwitterClient-Prefix.pch";
				GCC_PREPROCESSOR_DEFINITIONS = (
					"DEBUG=1",
					"$(inherited)",
				);
				INFOPLIST_FILE = "TwitterClientTests/TwitterClientTests-Info.plist";
				PRODUCT_NAME = "$(TARGET_NAME)";
				TEST_HOST = "$(BUNDLE_LOADER)";
				WRAPPER_EXTENSION = xctest;
			};
			name = Debug;
		};
		9088B728181308B6004FE80F /* Release */ = {
			isa = XCBuildConfiguration;
			buildSettings = {
				ARCHS = "$(ARCHS_STANDARD_INCLUDING_64_BIT)";
				BUNDLE_LOADER = "$(BUILT_PRODUCTS_DIR)/TwitterClient.app/TwitterClient";
				FRAMEWORK_SEARCH_PATHS = (
					"$(SDKROOT)/Developer/Library/Frameworks",
					"$(inherited)",
					"$(DEVELOPER_FRAMEWORKS_DIR)",
				);
				GCC_PRECOMPILE_PREFIX_HEADER = YES;
				GCC_PREFIX_HEADER = "TwitterClient/TwitterClient-Prefix.pch";
				INFOPLIST_FILE = "TwitterClientTests/TwitterClientTests-Info.plist";
				PRODUCT_NAME = "$(TARGET_NAME)";
				TEST_HOST = "$(BUNDLE_LOADER)";
				WRAPPER_EXTENSION = xctest;
			};
			name = Release;
		};
/* End XCBuildConfiguration section */

/* Begin XCConfigurationList section */
		9088B6E9181308B6004FE80F /* Build configuration list for PBXProject "TwitterClient" */ = {
			isa = XCConfigurationList;
			buildConfigurations = (
				9088B721181308B6004FE80F /* Debug */,
				9088B722181308B6004FE80F /* Release */,
			);
			defaultConfigurationIsVisible = 0;
			defaultConfigurationName = Release;
		};
		9088B723181308B6004FE80F /* Build configuration list for PBXNativeTarget "TwitterClient" */ = {
			isa = XCConfigurationList;
			buildConfigurations = (
				9088B724181308B6004FE80F /* Debug */,
				9088B725181308B6004FE80F /* Release */,
			);
			defaultConfigurationIsVisible = 0;
			defaultConfigurationName = Release;
		};
		9088B726181308B6004FE80F /* Build configuration list for PBXNativeTarget "TwitterClientTests" */ = {
			isa = XCConfigurationList;
			buildConfigurations = (
				9088B727181308B6004FE80F /* Debug */,
				9088B728181308B6004FE80F /* Release */,
			);
			defaultConfigurationIsVisible = 0;
			defaultConfigurationName = Release;
		};
/* End XCConfigurationList section */
	};
	rootObject = 9088B6E6181308B6004FE80F /* Project object */;
}
